
Microsoft Visual Studio Solution File, Format Version 12.00
# Visual Studio Version 17
VisualStudioVersion = 17.3.32929.385
MinimumVisualStudioVersion = 10.0.40219.1
Project("{FAE04EC0-301F-11D3-BF4B-00C04F79EFBC}") = "FruitShop", "FruitShop.csproj", "{97B1C838-9AA6-47A2-88DE-E18D5C3E90E1}"
EndProject
Global
	GlobalSection(SolutionConfigurationPlatforms) = preSolution
		Debug|Any CPU = Debug|Any CPU
		Release|Any CPU = Release|Any CPU
	EndGlobalSection
	GlobalSection(ProjectConfigurationPlatforms) = postSolution
		{97B1C838-9AA6-47A2-88DE-E18D5C3E90E1}.Debug|Any CPU.ActiveCfg = Debug|Any CPU
		{97B1C838-9AA6-47A2-88DE-E18D5C3E90E1}.Debug|Any CPU.Build.0 = Debug|Any CPU
		{97B1C838-9AA6-47A2-88DE-E18D5C3E90E1}.Release|Any CPU.ActiveCfg = Release|Any CPU
		{97B1C838-9AA6-47A2-88DE-E18D5C3E90E1}.Release|Any CPU.Build.0 = Release|Any CPU
	EndGlobalSection
	GlobalSection(SolutionProperties) = preSolution
		HideSolutionNode = FALSE
	EndGlobalSection
	GlobalSection(ExtensibilityGlobals) = postSolution
		SolutionGuid = {A6BC6429-71BB-4432-B994-3BE66C4B4F09}
	EndGlobalSection
EndGlobal
